
Microsoft Visual Studio Solution File, Format Version 12.00
# Visual Studio Version 16
VisualStudioVersion = 16.0.30711.63
MinimumVisualStudioVersion = 10.0.40219.1
Project("{FAE04EC0-301F-11D3-BF4B-00C04F79EFBC}") = "upotrebaForeachPetlje", "upotrebaForeachPetlje\upotrebaForeachPetlje.csproj", "{93723284-7399-4F04-BB78-9E8425FEE8DF}"
EndProject
Global
	GlobalSection(SolutionConfigurationPlatforms) = preSolution
		Debug|Any CPU = Debug|Any CPU
		Release|Any CPU = Release|Any CPU
	EndGlobalSection
	GlobalSection(ProjectConfigurationPlatforms) = postSolution
		{93723284-7399-4F04-BB78-9E8425FEE8DF}.Debug|Any CPU.ActiveCfg = Debug|Any CPU
		{93723284-7399-4F04-BB78-9E8425FEE8DF}.Debug|Any CPU.Build.0 = Debug|Any CPU
		{93723284-7399-4F04-BB78-9E8425FEE8DF}.Release|Any CPU.ActiveCfg = Release|Any CPU
		{93723284-7399-4F04-BB78-9E8425FEE8DF}.Release|Any CPU.Build.0 = Release|Any CPU
	EndGlobalSection
	GlobalSection(SolutionProperties) = preSolution
		HideSolutionNode = FALSE
	EndGlobalSection
	GlobalSection(ExtensibilityGlobals) = postSolution
		SolutionGuid = {E435716F-4ED7-446B-9478-FFCFE3029FBA}
	EndGlobalSection
EndGlobal
